// !$*UTF8*$!
{
	archiveVersion = 1;
	classes = {
	};
	objectVersion = 56;
	objects = {

/* Begin PBXBuildFile section */
		0609E1F02BB9C27D00C6520C /* AppDelegate.swift in Sources */ = {isa = PBXBuildFile; fileRef = 0609E1EF2BB9C27D00C6520C /* AppDelegate.swift */; };
		0609E1F22BB9C27D00C6520C /* SceneDelegate.swift in Sources */ = {isa = PBXBuildFile; fileRef = 0609E1F12BB9C27D00C6520C /* SceneDelegate.swift */; };
		0609E1F42BB9C27D00C6520C /* ViewController.swift in Sources */ = {isa = PBXBuildFile; fileRef = 0609E1F32BB9C27D00C6520C /* ViewController.swift */; };
		0609E1F72BB9C27D00C6520C /* Base in Resources */ = {isa = PBXBuildFile; fileRef = 0609E1F62BB9C27D00C6520C /* Base */; };
		0609E1FA2BB9C27D00C6520C /* MyNote.xcdatamodeld in Sources */ = {isa = PBXBuildFile; fileRef = 0609E1F82BB9C27D00C6520C /* MyNote.xcdatamodeld */; };
		0609E1FC2BB9C27E00C6520C /* Assets.xcassets in Resources */ = {isa = PBXBuildFile; fileRef = 0609E1FB2BB9C27E00C6520C /* Assets.xcassets */; };
		0609E1FF2BB9C27E00C6520C /* Base in Resources */ = {isa = PBXBuildFile; fileRef = 0609E1FE2BB9C27E00C6520C /* Base */; };
		0609E2072BB9C62B00C6520C /* NoteElement.swift in Sources */ = {isa = PBXBuildFile; fileRef = 0609E2062BB9C62B00C6520C /* NoteElement.swift */; };
		0609E2092BB9C63C00C6520C /* NoteTableView.swift in Sources */ = {isa = PBXBuildFile; fileRef = 0609E2082BB9C63C00C6520C /* NoteTableView.swift */; };
		0609E20D2BB9CD2200C6520C /* Note.swift in Sources */ = {isa = PBXBuildFile; fileRef = 0609E20C2BB9CD2200C6520C /* Note.swift */; };
/* End PBXBuildFile section */

/* Begin PBXFileReference section */
		0609E1EC2BB9C27D00C6520C /* MyNote.app */ = {isa = PBXFileReference; explicitFileType = wrapper.application; includeInIndex = 0; path = MyNote.app; sourceTree = BUILT_PRODUCTS_DIR; };
		0609E1EF2BB9C27D00C6520C /* AppDelegate.swift */ = {isa = PBXFileReference; lastKnownFileType = sourcecode.swift; path = AppDelegate.swift; sourceTree = "<group>"; };
		0609E1F12BB9C27D00C6520C /* SceneDelegate.swift */ = {isa = PBXFileReference; lastKnownFileType = sourcecode.swift; path = SceneDelegate.swift; sourceTree = "<group>"; };
		0609E1F32BB9C27D00C6520C /* ViewController.swift */ = {isa = PBXFileReference; lastKnownFileType = sourcecode.swift; path = ViewController.swift; sourceTree = "<group>"; };
		0609E1F62BB9C27D00C6520C /* Base */ = {isa = PBXFileReference; lastKnownFileType = file.storyboard; name = Base; path = Base.lproj/Main.storyboard; sourceTree = "<group>"; };
		0609E1F92BB9C27D00C6520C /* MyNote.xcdatamodel */ = {isa = PBXFileReference; lastKnownFileType = wrapper.xcdatamodel; path = MyNote.xcdatamodel; sourceTree = "<group>"; };
		0609E1FB2BB9C27E00C6520C /* Assets.xcassets */ = {isa = PBXFileReference; lastKnownFileType = folder.assetcatalog; path = Assets.xcassets; sourceTree = "<group>"; };
		0609E1FE2BB9C27E00C6520C /* Base */ = {isa = PBXFileReference; lastKnownFileType = file.storyboard; name = Base; path = Base.lproj/LaunchScreen.storyboard; sourceTree = "<group>"; };
		0609E2002BB9C27E00C6520C /* Info.plist */ = {isa = PBXFileReference; lastKnownFileType = text.plist.xml; path = Info.plist; sourceTree = "<group>"; };
		0609E2062BB9C62B00C6520C /* NoteElement.swift */ = {isa = PBXFileReference; lastKnownFileType = sourcecode.swift; path = NoteElement.swift; sourceTree = "<group>"; };
		0609E2082BB9C63C00C6520C /* NoteTableView.swift */ = {isa = PBXFileReference; lastKnownFileType = sourcecode.swift; path = NoteTableView.swift; sourceTree = "<group>"; };
		0609E20C2BB9CD2200C6520C /* Note.swift */ = {isa = PBXFileReference; lastKnownFileType = sourcecode.swift; path = Note.swift; sourceTree = "<group>"; };
/* End PBXFileReference section */

/* Begin PBXFrameworksBuildPhase section */
		0609E1E92BB9C27D00C6520C /* Frameworks */ = {
			isa = PBXFrameworksBuildPhase;
			buildActionMask = 2147483647;
			files = (
			);
			runOnlyForDeploymentPostprocessing = 0;
		};
/* End PBXFrameworksBuildPhase section */

/* Begin PBXGroup section */
		0609E1E32BB9C27D00C6520C = {
			isa = PBXGroup;
			children = (
				0609E1EE2BB9C27D00C6520C /* MyNote */,
				0609E1ED2BB9C27D00C6520C /* Products */,
			);
			sourceTree = "<group>";
		};
		0609E1ED2BB9C27D00C6520C /* Products */ = {
			isa = PBXGroup;
			children = (
				0609E1EC2BB9C27D00C6520C /* MyNote.app */,
			);
			name = Products;
			sourceTree = "<group>";
		};
		0609E1EE2BB9C27D00C6520C /* MyNote */ = {
			isa = PBXGroup;
			children = (
				0609E1EF2BB9C27D00C6520C /* AppDelegate.swift */,
				0609E1F12BB9C27D00C6520C /* SceneDelegate.swift */,
				0609E1F32BB9C27D00C6520C /* ViewController.swift */,
				0609E1F52BB9C27D00C6520C /* Main.storyboard */,
				0609E1FB2BB9C27E00C6520C /* Assets.xcassets */,
				0609E1FD2BB9C27E00C6520C /* LaunchScreen.storyboard */,
				0609E2002BB9C27E00C6520C /* Info.plist */,
				0609E1F82BB9C27D00C6520C /* MyNote.xcdatamodeld */,
				0609E20C2BB9CD2200C6520C /* Note.swift */,
				0609E2062BB9C62B00C6520C /* NoteElement.swift */,
				0609E2082BB9C63C00C6520C /* NoteTableView.swift */,
			);
			path = MyNote;
			sourceTree = "<group>";
		};
/* End PBXGroup section */

/* Begin PBXNativeTarget section */
		0609E1EB2BB9C27D00C6520C /* MyNote */ = {
			isa = PBXNativeTarget;
			buildConfigurationList = 0609E2032BB9C27E00C6520C /* Build configuration list for PBXNativeTarget "MyNote" */;
			buildPhases = (
				0609E1E82BB9C27D00C6520C /* Sources */,
				0609E1E92BB9C27D00C6520C /* Frameworks */,
				0609E1EA2BB9C27D00C6520C /* Resources */,
			);
			buildRules = (
			);
			dependencies = (
			);
			name = MyNote;
			productName = MyNote;
			productReference = 0609E1EC2BB9C27D00C6520C /* MyNote.app */;
			productType = "com.apple.product-type.application";
		};
/* End PBXNativeTarget section */

/* Begin PBXProject section */
		0609E1E42BB9C27D00C6520C /* Project object */ = {
			isa = PBXProject;
			attributes = {
				BuildIndependentTargetsInParallel = 1;
				LastSwiftUpdateCheck = 1530;
				LastUpgradeCheck = 1530;
				TargetAttributes = {
					0609E1EB2BB9C27D00C6520C = {
						CreatedOnToolsVersion = 15.3;
					};
				};
			};
			buildConfigurationList = 0609E1E72BB9C27D00C6520C /* Build configuration list for PBXProject "MyNote" */;
			compatibilityVersion = "Xcode 14.0";
			developmentRegion = en;
			hasScannedForEncodings = 0;
			knownRegions = (
				en,
				Base,
			);
			mainGroup = 0609E1E32BB9C27D00C6520C;
			productRefGroup = 0609E1ED2BB9C27D00C6520C /* Products */;
			projectDirPath = "";
			projectRoot = "";
			targets = (
				0609E1EB2BB9C27D00C6520C /* MyNote */,
			);
		};
/* End PBXProject section */

/* Begin PBXResourcesBuildPhase section */
		0609E1EA2BB9C27D00C6520C /* Resources */ = {
			isa = PBXResourcesBuildPhase;
			buildActionMask = 2147483647;
			files = (
				0609E1FC2BB9C27E00C6520C /* Assets.xcassets in Resources */,
				0609E1FF2BB9C27E00C6520C /* Base in Resources */,
				0609E1F72BB9C27D00C6520C /* Base in Resources */,
			);
			runOnlyForDeploymentPostprocessing = 0;
		};
/* End PBXResourcesBuildPhase section */

/* Begin PBXSourcesBuildPhase section */
		0609E1E82BB9C27D00C6520C /* Sources */ = {
			isa = PBXSourcesBuildPhase;
			buildActionMask = 2147483647;
			files = (
				0609E1F42BB9C27D00C6520C /* ViewController.swift in Sources */,
				0609E2092BB9C63C00C6520C /* NoteTableView.swift in Sources */,
				0609E20D2BB9CD2200C6520C /* Note.swift in Sources */,
				0609E1F02BB9C27D00C6520C /* AppDelegate.swift in Sources */,
				0609E1F22BB9C27D00C6520C /* SceneDelegate.swift in Sources */,
				0609E1FA2BB9C27D00C6520C /* MyNote.xcdatamodeld in Sources */,
				0609E2072BB9C62B00C6520C /* NoteElement.swift in Sources */,
			);
			runOnlyForDeploymentPostprocessing = 0;
		};
/* End PBXSourcesBuildPhase section */

/* Begin PBXVariantGroup section */
		0609E1F52BB9C27D00C6520C /* Main.storyboard */ = {
			isa = PBXVariantGroup;
			children = (
				0609E1F62BB9C27D00C6520C /* Base */,
			);
			name = Main.storyboard;
			sourceTree = "<group>";
		};
		0609E1FD2BB9C27E00C6520C /* LaunchScreen.storyboard */ = {
			isa = PBXVariantGroup;
			children = (
				0609E1FE2BB9C27E00C6520C /* Base */,
			);
			name = LaunchScreen.storyboard;
			sourceTree = "<group>";
		};
/* End PBXVariantGroup section */

/* Begin XCBuildConfiguration section */
		0609E2012BB9C27E00C6520C /* Debug */ = {
			isa = XCBuildConfiguration;
			buildSettings = {
				ALWAYS_SEARCH_USER_PATHS = NO;
				ASSETCATALOG_COMPILER_GENERATE_SWIFT_ASSET_SYMBOL_EXTENSIONS = YES;
				CLANG_ANALYZER_NONNULL = YES;
				CLANG_ANALYZER_NUMBER_OBJECT_CONVERSION = YES_AGGRESSIVE;
				CLANG_CXX_LANGUAGE_STANDARD = "gnu++20";
				CLANG_ENABLE_MODULES = YES;
				CLANG_ENABLE_OBJC_ARC = YES;
				CLANG_ENABLE_OBJC_WEAK = YES;
				CLANG_WARN_BLOCK_CAPTURE_AUTORELEASING = YES;
				CLANG_WARN_BOOL_CONVERSION = YES;
				CLANG_WARN_COMMA = YES;
				CLANG_WARN_CONSTANT_CONVERSION = YES;
				CLANG_WARN_DEPRECATED_OBJC_IMPLEMENTATIONS = YES;
				CLANG_WARN_DIRECT_OBJC_ISA_USAGE = YES_ERROR;
				CLANG_WARN_DOCUMENTATION_COMMENTS = YES;
				CLANG_WARN_EMPTY_BODY = YES;
				CLANG_WARN_ENUM_CONVERSION = YES;
				CLANG_WARN_INFINITE_RECURSION = YES;
				CLANG_WARN_INT_CONVERSION = YES;
				CLANG_WARN_NON_LITERAL_NULL_CONVERSION = YES;
				CLANG_WARN_OBJC_IMPLICIT_RETAIN_SELF = YES;
				CLANG_WARN_OBJC_LITERAL_CONVERSION = YES;
				CLANG_WARN_OBJC_ROOT_CLASS = YES_ERROR;
				CLANG_WARN_QUOTED_INCLUDE_IN_FRAMEWORK_HEADER = YES;
				CLANG_WARN_RANGE_LOOP_ANALYSIS = YES;
				CLANG_WARN_STRICT_PROTOTYPES = YES;
				CLANG_WARN_SUSPICIOUS_MOVE = YES;
				CLANG_WARN_UNGUARDED_AVAILABILITY = YES_AGGRESSIVE;
				CLANG_WARN_UNREACHABLE_CODE = YES;
				CLANG_WARN__DUPLICATE_METHOD_MATCH = YES;
				COPY_PHASE_STRIP = NO;
				DEBUG_INFORMATION_FORMAT = dwarf;
				ENABLE_STRICT_OBJC_MSGSEND = YES;
				ENABLE_TESTABILITY = YES;
				ENABLE_USER_SCRIPT_SANDBOXING = YES;
				GCC_C_LANGUAGE_STANDARD = gnu17;
				GCC_DYNAMIC_NO_PIC = NO;
				GCC_NO_COMMON_BLOCKS = YES;
				GCC_OPTIMIZATION_LEVEL = 0;
				GCC_PREPROCESSOR_DEFINITIONS = (
					"DEBUG=1",
					"$(inherited)",
				);
				GCC_WARN_64_TO_32_BIT_CONVERSION = YES;
				GCC_WARN_ABOUT_RETURN_TYPE = YES_ERROR;
				GCC_WARN_UNDECLARED_SELECTOR = YES;
				GCC_WARN_UNINITIALIZED_AUTOS = YES_AGGRESSIVE;
				GCC_WARN_UNUSED_FUNCTION = YES;
				GCC_WARN_UNUSED_VARIABLE = YES;
				IPHONEOS_DEPLOYMENT_TARGET = 17.4;
				LOCALIZATION_PREFERS_STRING_CATALOGS = YES;
				MTL_ENABLE_DEBUG_INFO = INCLUDE_SOURCE;
				MTL_FAST_MATH = YES;
				ONLY_ACTIVE_ARCH = YES;
				SDKROOT = iphoneos;
				SWIFT_ACTIVE_COMPILATION_CONDITIONS = "DEBUG $(inherited)";
				SWIFT_OPTIMIZATION_LEVEL = "-Onone";
			};
			name = Debug;
		};
		0609E2022BB9C27E00C6520C /* Release */ = {
			isa = XCBuildConfiguration;
			buildSettings = {
				ALWAYS_SEARCH_USER_PATHS = NO;
				ASSETCATALOG_COMPILER_GENERATE_SWIFT_ASSET_SYMBOL_EXTENSIONS = YES;
				CLANG_ANALYZER_NONNULL = YES;
				CLANG_ANALYZER_NUMBER_OBJECT_CONVERSION = YES_AGGRESSIVE;
				CLANG_CXX_LANGUAGE_STANDARD = "gnu++20";
				CLANG_ENABLE_MODULES = YES;
				CLANG_ENABLE_OBJC_ARC = YES;
				CLANG_ENABLE_OBJC_WEAK = YES;
				CLANG_WARN_BLOCK_CAPTURE_AUTORELEASING = YES;
				CLANG_WARN_BOOL_CONVERSION = YES;
				CLANG_WARN_COMMA = YES;
				CLANG_WARN_CONSTANT_CONVERSION = YES;
				CLANG_WARN_DEPRECATED_OBJC_IMPLEMENTATIONS = YES;
				CLANG_WARN_DIRECT_OBJC_ISA_USAGE = YES_ERROR;
				CLANG_WARN_DOCUMENTATION_COMMENTS = YES;
				CLANG_WARN_EMPTY_BODY = YES;
				CLANG_WARN_ENUM_CONVERSION = YES;
				CLANG_WARN_INFINITE_RECURSION = YES;
				CLANG_WARN_INT_CONVERSION = YES;
				CLANG_WARN_NON_LITERAL_NULL_CONVERSION = YES;
				CLANG_WARN_OBJC_IMPLICIT_RETAIN_SELF = YES;
				CLANG_WARN_OBJC_LITERAL_CONVERSION = YES;
				CLANG_WARN_OBJC_ROOT_CLASS = YES_ERROR;
				CLANG_WARN_QUOTED_INCLUDE_IN_FRAMEWORK_HEADER = YES;
				CLANG_WARN_RANGE_LOOP_ANALYSIS = YES;
				CLANG_WARN_STRICT_PROTOTYPES = YES;
				CLANG_WARN_SUSPICIOUS_MOVE = YES;
				CLANG_WARN_UNGUARDED_AVAILABILITY = YES_AGGRESSIVE;
				CLANG_WARN_UNREACHABLE_CODE = YES;
				CLANG_WARN__DUPLICATE_METHOD_MATCH = YES;
				COPY_PHASE_STRIP = NO;
				DEBUG_INFORMATION_FORMAT = "dwarf-with-dsym";
				ENABLE_NS_ASSERTIONS = NO;
				ENABLE_STRICT_OBJC_MSGSEND = YES;
				ENABLE_USER_SCRIPT_SANDBOXING = YES;
				GCC_C_LANGUAGE_STANDARD = gnu17;
				GCC_NO_COMMON_BLOCKS = YES;
				GCC_WARN_64_TO_32_BIT_CONVERSION = YES;
				GCC_WARN_ABOUT_RETURN_TYPE = YES_ERROR;
				GCC_WARN_UNDECLARED_SELECTOR = YES;
				GCC_WARN_UNINITIALIZED_AUTOS = YES_AGGRESSIVE;
				GCC_WARN_UNUSED_FUNCTION = YES;
				GCC_WARN_UNUSED_VARIABLE = YES;
				IPHONEOS_DEPLOYMENT_TARGET = 17.4;
				LOCALIZATION_PREFERS_STRING_CATALOGS = YES;
				MTL_ENABLE_DEBUG_INFO = NO;
				MTL_FAST_MATH = YES;
				SDKROOT = iphoneos;
				SWIFT_COMPILATION_MODE = wholemodule;
				VALIDATE_PRODUCT = YES;
			};
			name = Release;
		};
		0609E2042BB9C27E00C6520C /* Debug */ = {
			isa = XCBuildConfiguration;
			buildSettings = {
				ASSETCATALOG_COMPILER_APPICON_NAME = AppIcon;
				ASSETCATALOG_COMPILER_GLOBAL_ACCENT_COLOR_NAME = AccentColor;
				CODE_SIGN_STYLE = Automatic;
				CURRENT_PROJECT_VERSION = 1;
				DEVELOPMENT_TEAM = XQMJRDV4LZ;
				GENERATE_INFOPLIST_FILE = YES;
				INFOPLIST_FILE = MyNote/Info.plist;
				INFOPLIST_KEY_UIApplicationSupportsIndirectInputEvents = YES;
				INFOPLIST_KEY_UILaunchStoryboardName = LaunchScreen;
				INFOPLIST_KEY_UIMainStoryboardFile = Main;
				INFOPLIST_KEY_UISupportedInterfaceOrientations_iPad = "UIInterfaceOrientationPortrait UIInterfaceOrientationPortraitUpsideDown UIInterfaceOrientationLandscapeLeft UIInterfaceOrientationLandscapeRight";
				INFOPLIST_KEY_UISupportedInterfaceOrientations_iPhone = "UIInterfaceOrientationPortrait UIInterfaceOrientationLandscapeLeft UIInterfaceOrientationLandscapeRight";
				LD_RUNPATH_SEARCH_PATHS = (
					"$(inherited)",
					"@executable_path/Frameworks",
				);
				MARKETING_VERSION = 1.0;
				PRODUCT_BUNDLE_IDENTIFIER = com.giuseppeolivari.prova.MyNote;
				PRODUCT_NAME = "$(TARGET_NAME)";
				SWIFT_EMIT_LOC_STRINGS = YES;
				SWIFT_VERSION = 5.0;
				TARGETED_DEVICE_FAMILY = "1,2";
			};
			name = Debug;
		};
		0609E2052BB9C27E00C6520C /* Release */ = {
			isa = XCBuildConfiguration;
			buildSettings = {
				ASSETCATALOG_COMPILER_APPICON_NAME = AppIcon;
				ASSETCATALOG_COMPILER_GLOBAL_ACCENT_COLOR_NAME = AccentColor;
				CODE_SIGN_STYLE = Automatic;
				CURRENT_PROJECT_VERSION = 1;
				DEVELOPMENT_TEAM = XQMJRDV4LZ;
				GENERATE_INFOPLIST_FILE = YES;
				INFOPLIST_FILE = MyNote/Info.plist;
				INFOPLIST_KEY_UIApplicationSupportsIndirectInputEvents = YES;
				INFOPLIST_KEY_UILaunchStoryboardName = LaunchScreen;
				INFOPLIST_KEY_UIMainStoryboardFile = Main;
				INFOPLIST_KEY_UISupportedInterfaceOrientations_iPad = "UIInterfaceOrientationPortrait UIInterfaceOrientationPortraitUpsideDown UIInterfaceOrientationLandscapeLeft UIInterfaceOrientationLandscapeRight";
				INFOPLIST_KEY_UISupportedInterfaceOrientations_iPhone = "UIInterfaceOrientationPortrait UIInterfaceOrientationLandscapeLeft UIInterfaceOrientationLandscapeRight";
				LD_RUNPATH_SEARCH_PATHS = (
					"$(inherited)",
					"@executable_path/Frameworks",
				);
				MARKETING_VERSION = 1.0;
				PRODUCT_BUNDLE_IDENTIFIER = com.giuseppeolivari.prova.MyNote;
				PRODUCT_NAME = "$(TARGET_NAME)";
				SWIFT_EMIT_LOC_STRINGS = YES;
				SWIFT_VERSION = 5.0;
				TARGETED_DEVICE_FAMILY = "1,2";
			};
			name = Release;
		};
/* End XCBuildConfiguration section */

/* Begin XCConfigurationList section */
		0609E1E72BB9C27D00C6520C /* Build configuration list for PBXProject "MyNote" */ = {
			isa = XCConfigurationList;
			buildConfigurations = (
				0609E2012BB9C27E00C6520C /* Debug */,
				0609E2022BB9C27E00C6520C /* Release */,
			);
			defaultConfigurationIsVisible = 0;
			defaultConfigurationName = Release;
		};
		0609E2032BB9C27E00C6520C /* Build configuration list for PBXNativeTarget "MyNote" */ = {
			isa = XCConfigurationList;
			buildConfigurations = (
				0609E2042BB9C27E00C6520C /* Debug */,
				0609E2052BB9C27E00C6520C /* Release */,
			);
			defaultConfigurationIsVisible = 0;
			defaultConfigurationName = Release;
		};
/* End XCConfigurationList section */

/* Begin XCVersionGroup section */
		0609E1F82BB9C27D00C6520C /* MyNote.xcdatamodeld */ = {
			isa = XCVersionGroup;
			children = (
				0609E1F92BB9C27D00C6520C /* MyNote.xcdatamodel */,
			);
			currentVersion = 0609E1F92BB9C27D00C6520C /* MyNote.xcdatamodel */;
			path = MyNote.xcdatamodeld;
			sourceTree = "<group>";
			versionGroupType = wrapper.xcdatamodel;
		};
/* End XCVersionGroup section */
	};
	rootObject = 0609E1E42BB9C27D00C6520C /* Project object */;
}
